
Microsoft Visual Studio Solution File, Format Version 12.00
# Visual Studio 15
VisualStudioVersion = 15.0.27428.2015
MinimumVisualStudioVersion = 10.0.40219.1
Project("{FAE04EC0-301F-11D3-BF4B-00C04F79EFBC}") = "Tasks", "PFX\Tasks.csproj", "{8C7536DE-4A2D-44B8-9CDE-E4FCC1342D4A}"
EndProject
Project("{FAE04EC0-301F-11D3-BF4B-00C04F79EFBC}") = "Parallel", "Parallel\Parallel.csproj", "{F9225A66-B8FB-4F58-B5A2-48A3962986B3}"
EndProject
Project("{FAE04EC0-301F-11D3-BF4B-00C04F79EFBC}") = "BlockCollect", "BlockCollect\BlockCollect.csproj", "{43753E04-58B1-4D6F-891D-888969E68717}"
EndProject
Project("{FAE04EC0-301F-11D3-BF4B-00C04F79EFBC}") = "asyncW", "asyncW\asyncW.csproj", "{01990C67-6248-4DF4-88FC-BBF7A8582F10}"
EndProject
Global
	GlobalSection(SolutionConfigurationPlatforms) = preSolution
		Debug|Any CPU = Debug|Any CPU
		Release|Any CPU = Release|Any CPU
	EndGlobalSection
	GlobalSection(ProjectConfigurationPlatforms) = postSolution
		{8C7536DE-4A2D-44B8-9CDE-E4FCC1342D4A}.Debug|Any CPU.ActiveCfg = Debug|Any CPU
		{8C7536DE-4A2D-44B8-9CDE-E4FCC1342D4A}.Debug|Any CPU.Build.0 = Debug|Any CPU
		{8C7536DE-4A2D-44B8-9CDE-E4FCC1342D4A}.Release|Any CPU.ActiveCfg = Release|Any CPU
		{8C7536DE-4A2D-44B8-9CDE-E4FCC1342D4A}.Release|Any CPU.Build.0 = Release|Any CPU
		{F9225A66-B8FB-4F58-B5A2-48A3962986B3}.Debug|Any CPU.ActiveCfg = Debug|Any CPU
		{F9225A66-B8FB-4F58-B5A2-48A3962986B3}.Debug|Any CPU.Build.0 = Debug|Any CPU
		{F9225A66-B8FB-4F58-B5A2-48A3962986B3}.Release|Any CPU.ActiveCfg = Release|Any CPU
		{F9225A66-B8FB-4F58-B5A2-48A3962986B3}.Release|Any CPU.Build.0 = Release|Any CPU
		{43753E04-58B1-4D6F-891D-888969E68717}.Debug|Any CPU.ActiveCfg = Debug|Any CPU
		{43753E04-58B1-4D6F-891D-888969E68717}.Debug|Any CPU.Build.0 = Debug|Any CPU
		{43753E04-58B1-4D6F-891D-888969E68717}.Release|Any CPU.ActiveCfg = Release|Any CPU
		{43753E04-58B1-4D6F-891D-888969E68717}.Release|Any CPU.Build.0 = Release|Any CPU
		{01990C67-6248-4DF4-88FC-BBF7A8582F10}.Debug|Any CPU.ActiveCfg = Debug|Any CPU
		{01990C67-6248-4DF4-88FC-BBF7A8582F10}.Debug|Any CPU.Build.0 = Debug|Any CPU
		{01990C67-6248-4DF4-88FC-BBF7A8582F10}.Release|Any CPU.ActiveCfg = Release|Any CPU
		{01990C67-6248-4DF4-88FC-BBF7A8582F10}.Release|Any CPU.Build.0 = Release|Any CPU
	EndGlobalSection
	GlobalSection(SolutionProperties) = preSolution
		HideSolutionNode = FALSE
	EndGlobalSection
	GlobalSection(ExtensibilityGlobals) = postSolution
		SolutionGuid = {8B7C572D-6D1F-4BC7-8744-01D1B367C168}
	EndGlobalSection
EndGlobal
